
Microsoft Visual Studio Solution File, Format Version 12.00
# Visual Studio 15
VisualStudioVersion = 15.0.27130.2024
MinimumVisualStudioVersion = 10.0.40219.1
Project("{FAE04EC0-301F-11D3-BF4B-00C04F79EFBC}") = "ConsoleApp1", "ConsoleApp1\ConsoleApp1.csproj", "{0BF28D4F-BED6-4429-9D7B-23F82DDF3AA5}"
EndProject
Project("{FAE04EC0-301F-11D3-BF4B-00C04F79EFBC}") = "ConsoleApp2", "ConsoleApp2\ConsoleApp2.csproj", "{126D440F-0586-4FB3-A8A8-060D6CAEC7F2}"
EndProject
Global
	GlobalSection(SolutionConfigurationPlatforms) = preSolution
		Debug|Any CPU = Debug|Any CPU
		Release|Any CPU = Release|Any CPU
	EndGlobalSection
	GlobalSection(ProjectConfigurationPlatforms) = postSolution
		{0BF28D4F-BED6-4429-9D7B-23F82DDF3AA5}.Debug|Any CPU.ActiveCfg = Debug|Any CPU
		{0BF28D4F-BED6-4429-9D7B-23F82DDF3AA5}.Debug|Any CPU.Build.0 = Debug|Any CPU
		{0BF28D4F-BED6-4429-9D7B-23F82DDF3AA5}.Release|Any CPU.ActiveCfg = Release|Any CPU
		{0BF28D4F-BED6-4429-9D7B-23F82DDF3AA5}.Release|Any CPU.Build.0 = Release|Any CPU
		{126D440F-0586-4FB3-A8A8-060D6CAEC7F2}.Debug|Any CPU.ActiveCfg = Debug|Any CPU
		{126D440F-0586-4FB3-A8A8-060D6CAEC7F2}.Debug|Any CPU.Build.0 = Debug|Any CPU
		{126D440F-0586-4FB3-A8A8-060D6CAEC7F2}.Release|Any CPU.ActiveCfg = Release|Any CPU
		{126D440F-0586-4FB3-A8A8-060D6CAEC7F2}.Release|Any CPU.Build.0 = Release|Any CPU
	EndGlobalSection
	GlobalSection(SolutionProperties) = preSolution
		HideSolutionNode = FALSE
	EndGlobalSection
	GlobalSection(ExtensibilityGlobals) = postSolution
		SolutionGuid = {4A4B9E8F-E350-4795-B55E-9B878D6A6A3F}
	EndGlobalSection
EndGlobal
