
Microsoft Visual Studio Solution File, Format Version 12.00
# Visual Studio 15
VisualStudioVersion = 15.0.27130.2024
MinimumVisualStudioVersion = 10.0.40219.1
Project("{FAE04EC0-301F-11D3-BF4B-00C04F79EFBC}") = "Binary_tree", "Binary_tree\Binary_tree.csproj", "{91136F53-C0D6-4DF7-B74C-2655021D202C}"
EndProject
Global
	GlobalSection(SolutionConfigurationPlatforms) = preSolution
		Debug|Any CPU = Debug|Any CPU
		Release|Any CPU = Release|Any CPU
	EndGlobalSection
	GlobalSection(ProjectConfigurationPlatforms) = postSolution
		{91136F53-C0D6-4DF7-B74C-2655021D202C}.Debug|Any CPU.ActiveCfg = Debug|Any CPU
		{91136F53-C0D6-4DF7-B74C-2655021D202C}.Debug|Any CPU.Build.0 = Debug|Any CPU
		{91136F53-C0D6-4DF7-B74C-2655021D202C}.Release|Any CPU.ActiveCfg = Release|Any CPU
		{91136F53-C0D6-4DF7-B74C-2655021D202C}.Release|Any CPU.Build.0 = Release|Any CPU
	EndGlobalSection
	GlobalSection(SolutionProperties) = preSolution
		HideSolutionNode = FALSE
	EndGlobalSection
	GlobalSection(ExtensibilityGlobals) = postSolution
		SolutionGuid = {54E9625C-435F-432A-8B5A-08B0FFDAA347}
	EndGlobalSection
EndGlobal
