
Microsoft Visual Studio Solution File, Format Version 12.00
# Visual Studio 15
VisualStudioVersion = 15.0.27130.2024
MinimumVisualStudioVersion = 10.0.40219.1
Project("{FAE04EC0-301F-11D3-BF4B-00C04F79EFBC}") = "IUser", "IUser\IUser.csproj", "{58E881E4-2EDB-4034-B55C-DE11CBB45A79}"
EndProject
Global
	GlobalSection(SolutionConfigurationPlatforms) = preSolution
		Debug|Any CPU = Debug|Any CPU
		Release|Any CPU = Release|Any CPU
	EndGlobalSection
	GlobalSection(ProjectConfigurationPlatforms) = postSolution
		{58E881E4-2EDB-4034-B55C-DE11CBB45A79}.Debug|Any CPU.ActiveCfg = Debug|Any CPU
		{58E881E4-2EDB-4034-B55C-DE11CBB45A79}.Debug|Any CPU.Build.0 = Debug|Any CPU
		{58E881E4-2EDB-4034-B55C-DE11CBB45A79}.Release|Any CPU.ActiveCfg = Release|Any CPU
		{58E881E4-2EDB-4034-B55C-DE11CBB45A79}.Release|Any CPU.Build.0 = Release|Any CPU
	EndGlobalSection
	GlobalSection(SolutionProperties) = preSolution
		HideSolutionNode = FALSE
	EndGlobalSection
	GlobalSection(ExtensibilityGlobals) = postSolution
		SolutionGuid = {072CB08B-1D06-4486-8AAC-C1309C2454A8}
	EndGlobalSection
EndGlobal
