
Microsoft Visual Studio Solution File, Format Version 12.00
# Visual Studio 15
VisualStudioVersion = 15.0.27130.2024
MinimumVisualStudioVersion = 10.0.40219.1
Project("{FAE04EC0-301F-11D3-BF4B-00C04F79EFBC}") = "Zodiak", "Zodiak\Zodiak.csproj", "{3C224ABF-3310-4FF6-B521-C32F483D9161}"
EndProject
Global
	GlobalSection(SolutionConfigurationPlatforms) = preSolution
		Debug|Any CPU = Debug|Any CPU
		Release|Any CPU = Release|Any CPU
	EndGlobalSection
	GlobalSection(ProjectConfigurationPlatforms) = postSolution
		{3C224ABF-3310-4FF6-B521-C32F483D9161}.Debug|Any CPU.ActiveCfg = Debug|Any CPU
		{3C224ABF-3310-4FF6-B521-C32F483D9161}.Debug|Any CPU.Build.0 = Debug|Any CPU
		{3C224ABF-3310-4FF6-B521-C32F483D9161}.Release|Any CPU.ActiveCfg = Release|Any CPU
		{3C224ABF-3310-4FF6-B521-C32F483D9161}.Release|Any CPU.Build.0 = Release|Any CPU
	EndGlobalSection
	GlobalSection(SolutionProperties) = preSolution
		HideSolutionNode = FALSE
	EndGlobalSection
	GlobalSection(ExtensibilityGlobals) = postSolution
		SolutionGuid = {DBC56BAB-A051-48C0-9A49-F9AC79526198}
	EndGlobalSection
EndGlobal
